
Microsoft Visual Studio Solution File, Format Version 12.00
# Visual Studio Version 17
VisualStudioVersion = 17.3.32922.545
MinimumVisualStudioVersion = 10.0.40219.1
Project("{FAE04EC0-301F-11D3-BF4B-00C04F79EFBC}") = "DiamondKata", "DiamondKata.csproj", "{872E47F1-2A8E-4E48-B24E-B4F5C0C85712}"
EndProject
Project("{FAE04EC0-301F-11D3-BF4B-00C04F79EFBC}") = "DiamondKata.Test", "..\DiamondKata.Test\DiamondKata.Test.csproj", "{76CC1A14-29DA-4153-A7FA-12D2979D4B49}"
EndProject
Global
	GlobalSection(SolutionConfigurationPlatforms) = preSolution
		Debug|Any CPU = Debug|Any CPU
		Release|Any CPU = Release|Any CPU
	EndGlobalSection
	GlobalSection(ProjectConfigurationPlatforms) = postSolution
		{872E47F1-2A8E-4E48-B24E-B4F5C0C85712}.Debug|Any CPU.ActiveCfg = Debug|Any CPU
		{872E47F1-2A8E-4E48-B24E-B4F5C0C85712}.Debug|Any CPU.Build.0 = Debug|Any CPU
		{872E47F1-2A8E-4E48-B24E-B4F5C0C85712}.Release|Any CPU.ActiveCfg = Release|Any CPU
		{872E47F1-2A8E-4E48-B24E-B4F5C0C85712}.Release|Any CPU.Build.0 = Release|Any CPU
		{76CC1A14-29DA-4153-A7FA-12D2979D4B49}.Debug|Any CPU.ActiveCfg = Debug|Any CPU
		{76CC1A14-29DA-4153-A7FA-12D2979D4B49}.Debug|Any CPU.Build.0 = Debug|Any CPU
		{76CC1A14-29DA-4153-A7FA-12D2979D4B49}.Release|Any CPU.ActiveCfg = Release|Any CPU
		{76CC1A14-29DA-4153-A7FA-12D2979D4B49}.Release|Any CPU.Build.0 = Release|Any CPU
	EndGlobalSection
	GlobalSection(SolutionProperties) = preSolution
		HideSolutionNode = FALSE
	EndGlobalSection
	GlobalSection(ExtensibilityGlobals) = postSolution
		SolutionGuid = {EC980272-9775-49E1-A83A-F38AEDB1594A}
	EndGlobalSection
EndGlobal
